
Microsoft Visual Studio Solution File, Format Version 12.00
# Visual Studio Version 17
VisualStudioVersion = 17.6.33723.286
MinimumVisualStudioVersion = 10.0.40219.1
Project("{FAE04EC0-301F-11D3-BF4B-00C04F79EFBC}") = "Time Tracker", "Time Tracker.csproj", "{CFE6F926-04EC-4EEF-A911-C39A9F0BAF5C}"
EndProject
Global
	GlobalSection(SolutionConfigurationPlatforms) = preSolution
		Debug|Any CPU = Debug|Any CPU
		Release|Any CPU = Release|Any CPU
	EndGlobalSection
	GlobalSection(ProjectConfigurationPlatforms) = postSolution
		{CFE6F926-04EC-4EEF-A911-C39A9F0BAF5C}.Debug|Any CPU.ActiveCfg = Debug|Any CPU
		{CFE6F926-04EC-4EEF-A911-C39A9F0BAF5C}.Debug|Any CPU.Build.0 = Debug|Any CPU
		{CFE6F926-04EC-4EEF-A911-C39A9F0BAF5C}.Release|Any CPU.ActiveCfg = Release|Any CPU
		{CFE6F926-04EC-4EEF-A911-C39A9F0BAF5C}.Release|Any CPU.Build.0 = Release|Any CPU
	EndGlobalSection
	GlobalSection(SolutionProperties) = preSolution
		HideSolutionNode = FALSE
	EndGlobalSection
	GlobalSection(ExtensibilityGlobals) = postSolution
		SolutionGuid = {E69670A2-95E1-40D1-A2D8-3F3B61102712}
	EndGlobalSection
EndGlobal
